
Microsoft Visual Studio Solution File, Format Version 12.00
# Visual Studio Version 16
VisualStudioVersion = 16.0.31424.327
MinimumVisualStudioVersion = 10.0.40219.1
Project("{FAE04EC0-301F-11D3-BF4B-00C04F79EFBC}") = "ОРПЗ Лаб №5", "ОРПЗ Лаб №5\ОРПЗ Лаб №5.csproj", "{2564646C-1A79-471E-AF49-28D22F6ADD19}"
EndProject
Global
	GlobalSection(SolutionConfigurationPlatforms) = preSolution
		Debug|Any CPU = Debug|Any CPU
		Release|Any CPU = Release|Any CPU
	EndGlobalSection
	GlobalSection(ProjectConfigurationPlatforms) = postSolution
		{2564646C-1A79-471E-AF49-28D22F6ADD19}.Debug|Any CPU.ActiveCfg = Debug|Any CPU
		{2564646C-1A79-471E-AF49-28D22F6ADD19}.Debug|Any CPU.Build.0 = Debug|Any CPU
		{2564646C-1A79-471E-AF49-28D22F6ADD19}.Release|Any CPU.ActiveCfg = Release|Any CPU
		{2564646C-1A79-471E-AF49-28D22F6ADD19}.Release|Any CPU.Build.0 = Release|Any CPU
	EndGlobalSection
	GlobalSection(SolutionProperties) = preSolution
		HideSolutionNode = FALSE
	EndGlobalSection
	GlobalSection(ExtensibilityGlobals) = postSolution
		SolutionGuid = {0517839F-849C-45BC-986F-E6B055AD33E7}
	EndGlobalSection
EndGlobal
